
Microsoft Visual Studio Solution File, Format Version 12.00
# Visual Studio Version 17
VisualStudioVersion = 17.0.32126.317
MinimumVisualStudioVersion = 10.0.40219.1
Project("{FAE04EC0-301F-11D3-BF4B-00C04F79EFBC}") = "Data", "Data\Data.csproj", "{283A1824-3768-437F-AA1A-27F3C05A1C8E}"
EndProject
Global
	GlobalSection(SolutionConfigurationPlatforms) = preSolution
		Debug|Any CPU = Debug|Any CPU
		Release|Any CPU = Release|Any CPU
	EndGlobalSection
	GlobalSection(ProjectConfigurationPlatforms) = postSolution
		{283A1824-3768-437F-AA1A-27F3C05A1C8E}.Debug|Any CPU.ActiveCfg = Debug|Any CPU
		{283A1824-3768-437F-AA1A-27F3C05A1C8E}.Debug|Any CPU.Build.0 = Debug|Any CPU
		{283A1824-3768-437F-AA1A-27F3C05A1C8E}.Release|Any CPU.ActiveCfg = Release|Any CPU
		{283A1824-3768-437F-AA1A-27F3C05A1C8E}.Release|Any CPU.Build.0 = Release|Any CPU
	EndGlobalSection
	GlobalSection(SolutionProperties) = preSolution
		HideSolutionNode = FALSE
	EndGlobalSection
	GlobalSection(ExtensibilityGlobals) = postSolution
		SolutionGuid = {DC31B096-87CA-40E0-858C-0B52E79DEC15}
	EndGlobalSection
EndGlobal
